// !$*UTF8*$!
{
	archiveVersion = 1;
	classes = {
	};
	objectVersion = 50;
	objects = {

/* Begin PBXBuildFile section */
		52962F6422B3C288002AED65 /* AppDelegate.swift in Sources */ = {isa = PBXBuildFile; fileRef = 52962F6322B3C288002AED65 /* AppDelegate.swift */; };
		52962F6622B3C288002AED65 /* ViewController.swift in Sources */ = {isa = PBXBuildFile; fileRef = 52962F6522B3C288002AED65 /* ViewController.swift */; };
		52962F6922B3C288002AED65 /* Main.storyboard in Resources */ = {isa = PBXBuildFile; fileRef = 52962F6722B3C288002AED65 /* Main.storyboard */; };
		52962F6B22B3C28B002AED65 /* Assets.xcassets in Resources */ = {isa = PBXBuildFile; fileRef = 52962F6A22B3C28B002AED65 /* Assets.xcassets */; };
		52962F6E22B3C28B002AED65 /* LaunchScreen.storyboard in Resources */ = {isa = PBXBuildFile; fileRef = 52962F6C22B3C28B002AED65 /* LaunchScreen.storyboard */; };
		52962F7722B3C671002AED65 /* WebKit.framework in Frameworks */ = {isa = PBXBuildFile; fileRef = 52962F7622B3C671002AED65 /* WebKit.framework */; };
		52962F7F22B3C95A002AED65 /* youtube4.png in Resources */ = {isa = PBXBuildFile; fileRef = 52962F7922B3C95A002AED65 /* youtube4.png */; };
		52962F8022B3C95A002AED65 /* youtube0.png in Resources */ = {isa = PBXBuildFile; fileRef = 52962F7A22B3C95A002AED65 /* youtube0.png */; };
		52962F8122B3C95A002AED65 /* youtube2.png in Resources */ = {isa = PBXBuildFile; fileRef = 52962F7B22B3C95A002AED65 /* youtube2.png */; };
		52962F8222B3C95A002AED65 /* youtube5.png in Resources */ = {isa = PBXBuildFile; fileRef = 52962F7C22B3C95A002AED65 /* youtube5.png */; };
		52962F8322B3C95A002AED65 /* youtube3.png in Resources */ = {isa = PBXBuildFile; fileRef = 52962F7D22B3C95A002AED65 /* youtube3.png */; };
		52962F8422B3C95A002AED65 /* youtube1.png in Resources */ = {isa = PBXBuildFile; fileRef = 52962F7E22B3C95A002AED65 /* youtube1.png */; };
/* End PBXBuildFile section */

/* Begin PBXFileReference section */
		52962F6022B3C288002AED65 /* YouTubeVideo.app */ = {isa = PBXFileReference; explicitFileType = wrapper.application; includeInIndex = 0; path = YouTubeVideo.app; sourceTree = BUILT_PRODUCTS_DIR; };
		52962F6322B3C288002AED65 /* AppDelegate.swift */ = {isa = PBXFileReference; lastKnownFileType = sourcecode.swift; path = AppDelegate.swift; sourceTree = "<group>"; };
		52962F6522B3C288002AED65 /* ViewController.swift */ = {isa = PBXFileReference; lastKnownFileType = sourcecode.swift; path = ViewController.swift; sourceTree = "<group>"; };
		52962F6822B3C288002AED65 /* Base */ = {isa = PBXFileReference; lastKnownFileType = file.storyboard; name = Base; path = Base.lproj/Main.storyboard; sourceTree = "<group>"; };
		52962F6A22B3C28B002AED65 /* Assets.xcassets */ = {isa = PBXFileReference; lastKnownFileType = folder.assetcatalog; path = Assets.xcassets; sourceTree = "<group>"; };
		52962F6D22B3C28B002AED65 /* Base */ = {isa = PBXFileReference; lastKnownFileType = file.storyboard; name = Base; path = Base.lproj/LaunchScreen.storyboard; sourceTree = "<group>"; };
		52962F6F22B3C28B002AED65 /* Info.plist */ = {isa = PBXFileReference; lastKnownFileType = text.plist.xml; path = Info.plist; sourceTree = "<group>"; };
		52962F7622B3C671002AED65 /* WebKit.framework */ = {isa = PBXFileReference; lastKnownFileType = wrapper.framework; name = WebKit.framework; path = System/Library/Frameworks/WebKit.framework; sourceTree = SDKROOT; };
		52962F7922B3C95A002AED65 /* youtube4.png */ = {isa = PBXFileReference; lastKnownFileType = image.png; path = youtube4.png; sourceTree = "<group>"; };
		52962F7A22B3C95A002AED65 /* youtube0.png */ = {isa = PBXFileReference; lastKnownFileType = image.png; path = youtube0.png; sourceTree = "<group>"; };
		52962F7B22B3C95A002AED65 /* youtube2.png */ = {isa = PBXFileReference; lastKnownFileType = image.png; path = youtube2.png; sourceTree = "<group>"; };
		52962F7C22B3C95A002AED65 /* youtube5.png */ = {isa = PBXFileReference; lastKnownFileType = image.png; path = youtube5.png; sourceTree = "<group>"; };
		52962F7D22B3C95A002AED65 /* youtube3.png */ = {isa = PBXFileReference; lastKnownFileType = image.png; path = youtube3.png; sourceTree = "<group>"; };
		52962F7E22B3C95A002AED65 /* youtube1.png */ = {isa = PBXFileReference; lastKnownFileType = image.png; path = youtube1.png; sourceTree = "<group>"; };
/* End PBXFileReference section */

/* Begin PBXFrameworksBuildPhase section */
		52962F5D22B3C288002AED65 /* Frameworks */ = {
			isa = PBXFrameworksBuildPhase;
			buildActionMask = 2147483647;
			files = (
				52962F7722B3C671002AED65 /* WebKit.framework in Frameworks */,
			);
			runOnlyForDeploymentPostprocessing = 0;
		};
/* End PBXFrameworksBuildPhase section */

/* Begin PBXGroup section */
		52962F5722B3C287002AED65 = {
			isa = PBXGroup;
			children = (
				52962F6222B3C288002AED65 /* YouTubeVideo */,
				52962F6122B3C288002AED65 /* Products */,
				52962F7522B3C671002AED65 /* Frameworks */,
			);
			sourceTree = "<group>";
		};
		52962F6122B3C288002AED65 /* Products */ = {
			isa = PBXGroup;
			children = (
				52962F6022B3C288002AED65 /* YouTubeVideo.app */,
			);
			name = Products;
			sourceTree = "<group>";
		};
		52962F6222B3C288002AED65 /* YouTubeVideo */ = {
			isa = PBXGroup;
			children = (
				52962F7822B3C94A002AED65 /* Screenshots */,
				52962F6322B3C288002AED65 /* AppDelegate.swift */,
				52962F6522B3C288002AED65 /* ViewController.swift */,
				52962F6722B3C288002AED65 /* Main.storyboard */,
				52962F6A22B3C28B002AED65 /* Assets.xcassets */,
				52962F6C22B3C28B002AED65 /* LaunchScreen.storyboard */,
				52962F6F22B3C28B002AED65 /* Info.plist */,
			);
			path = YouTubeVideo;
			sourceTree = "<group>";
		};
		52962F7522B3C671002AED65 /* Frameworks */ = {
			isa = PBXGroup;
			children = (
				52962F7622B3C671002AED65 /* WebKit.framework */,
			);
			name = Frameworks;
			sourceTree = "<group>";
		};
		52962F7822B3C94A002AED65 /* Screenshots */ = {
			isa = PBXGroup;
			children = (
				52962F7A22B3C95A002AED65 /* youtube0.png */,
				52962F7E22B3C95A002AED65 /* youtube1.png */,
				52962F7B22B3C95A002AED65 /* youtube2.png */,
				52962F7D22B3C95A002AED65 /* youtube3.png */,
				52962F7922B3C95A002AED65 /* youtube4.png */,
				52962F7C22B3C95A002AED65 /* youtube5.png */,
			);
			path = Screenshots;
			sourceTree = "<group>";
		};
/* End PBXGroup section */

/* Begin PBXNativeTarget section */
		52962F5F22B3C288002AED65 /* YouTubeVideo */ = {
			isa = PBXNativeTarget;
			buildConfigurationList = 52962F7222B3C28B002AED65 /* Build configuration list for PBXNativeTarget "YouTubeVideo" */;
			buildPhases = (
				52962F5C22B3C288002AED65 /* Sources */,
				52962F5D22B3C288002AED65 /* Frameworks */,
				52962F5E22B3C288002AED65 /* Resources */,
			);
			buildRules = (
			);
			dependencies = (
			);
			name = YouTubeVideo;
			productName = YouTubeVideo;
			productReference = 52962F6022B3C288002AED65 /* YouTubeVideo.app */;
			productType = "com.apple.product-type.application";
		};
/* End PBXNativeTarget section */

/* Begin PBXProject section */
		52962F5822B3C287002AED65 /* Project object */ = {
			isa = PBXProject;
			attributes = {
				LastSwiftUpdateCheck = 1020;
				LastUpgradeCheck = 1020;
				ORGANIZATIONNAME = halilozel;
				TargetAttributes = {
					52962F5F22B3C288002AED65 = {
						CreatedOnToolsVersion = 10.2.1;
					};
				};
			};
			buildConfigurationList = 52962F5B22B3C288002AED65 /* Build configuration list for PBXProject "YouTubeVideo" */;
			compatibilityVersion = "Xcode 9.3";
			developmentRegion = en;
			hasScannedForEncodings = 0;
			knownRegions = (
				en,
				Base,
			);
			mainGroup = 52962F5722B3C287002AED65;
			productRefGroup = 52962F6122B3C288002AED65 /* Products */;
			projectDirPath = "";
			projectRoot = "";
			targets = (
				52962F5F22B3C288002AED65 /* YouTubeVideo */,
			);
		};
/* End PBXProject section */

/* Begin PBXResourcesBuildPhase section */
		52962F5E22B3C288002AED65 /* Resources */ = {
			isa = PBXResourcesBuildPhase;
			buildActionMask = 2147483647;
			files = (
				52962F7F22B3C95A002AED65 /* youtube4.png in Resources */,
				52962F8222B3C95A002AED65 /* youtube5.png in Resources */,
				52962F6E22B3C28B002AED65 /* LaunchScreen.storyboard in Resources */,
				52962F6B22B3C28B002AED65 /* Assets.xcassets in Resources */,
				52962F8422B3C95A002AED65 /* youtube1.png in Resources */,
				52962F8022B3C95A002AED65 /* youtube0.png in Resources */,
				52962F8122B3C95A002AED65 /* youtube2.png in Resources */,
				52962F6922B3C288002AED65 /* Main.storyboard in Resources */,
				52962F8322B3C95A002AED65 /* youtube3.png in Resources */,
			);
			runOnlyForDeploymentPostprocessing = 0;
		};
/* End PBXResourcesBuildPhase section */

/* Begin PBXSourcesBuildPhase section */
		52962F5C22B3C288002AED65 /* Sources */ = {
			isa = PBXSourcesBuildPhase;
			buildActionMask = 2147483647;
			files = (
				52962F6622B3C288002AED65 /* ViewController.swift in Sources */,
				52962F6422B3C288002AED65 /* AppDelegate.swift in Sources */,
			);
			runOnlyForDeploymentPostprocessing = 0;
		};
/* End PBXSourcesBuildPhase section */

/* Begin PBXVariantGroup section */
		52962F6722B3C288002AED65 /* Main.storyboard */ = {
			isa = PBXVariantGroup;
			children = (
				52962F6822B3C288002AED65 /* Base */,
			);
			name = Main.storyboard;
			sourceTree = "<group>";
		};
		52962F6C22B3C28B002AED65 /* LaunchScreen.storyboard */ = {
			isa = PBXVariantGroup;
			children = (
				52962F6D22B3C28B002AED65 /* Base */,
			);
			name = LaunchScreen.storyboard;
			sourceTree = "<group>";
		};
/* End PBXVariantGroup section */

/* Begin XCBuildConfiguration section */
		52962F7022B3C28B002AED65 /* Debug */ = {
			isa = XCBuildConfiguration;
			buildSettings = {
				ALWAYS_SEARCH_USER_PATHS = NO;
				CLANG_ANALYZER_NONNULL = YES;
				CLANG_ANALYZER_NUMBER_OBJECT_CONVERSION = YES_AGGRESSIVE;
				CLANG_CXX_LANGUAGE_STANDARD = "gnu++14";
				CLANG_CXX_LIBRARY = "libc++";
				CLANG_ENABLE_MODULES = YES;
				CLANG_ENABLE_OBJC_ARC = YES;
				CLANG_ENABLE_OBJC_WEAK = YES;
				CLANG_WARN_BLOCK_CAPTURE_AUTORELEASING = YES;
				CLANG_WARN_BOOL_CONVERSION = YES;
				CLANG_WARN_COMMA = YES;
				CLANG_WARN_CONSTANT_CONVERSION = YES;
				CLANG_WARN_DEPRECATED_OBJC_IMPLEMENTATIONS = YES;
				CLANG_WARN_DIRECT_OBJC_ISA_USAGE = YES_ERROR;
				CLANG_WARN_DOCUMENTATION_COMMENTS = YES;
				CLANG_WARN_EMPTY_BODY = YES;
				CLANG_WARN_ENUM_CONVERSION = YES;
				CLANG_WARN_INFINITE_RECURSION = YES;
				CLANG_WARN_INT_CONVERSION = YES;
				CLANG_WARN_NON_LITERAL_NULL_CONVERSION = YES;
				CLANG_WARN_OBJC_IMPLICIT_RETAIN_SELF = YES;
				CLANG_WARN_OBJC_LITERAL_CONVERSION = YES;
				CLANG_WARN_OBJC_ROOT_CLASS = YES_ERROR;
				CLANG_WARN_RANGE_LOOP_ANALYSIS = YES;
				CLANG_WARN_STRICT_PROTOTYPES = YES;
				CLANG_WARN_SUSPICIOUS_MOVE = YES;
				CLANG_WARN_UNGUARDED_AVAILABILITY = YES_AGGRESSIVE;
				CLANG_WARN_UNREACHABLE_CODE = YES;
				CLANG_WARN__DUPLICATE_METHOD_MATCH = YES;
				CODE_SIGN_IDENTITY = "iPhone Developer";
				COPY_PHASE_STRIP = NO;
				DEBUG_INFORMATION_FORMAT = dwarf;
				ENABLE_STRICT_OBJC_MSGSEND = YES;
				ENABLE_TESTABILITY = YES;
				GCC_C_LANGUAGE_STANDARD = gnu11;
				GCC_DYNAMIC_NO_PIC = NO;
				GCC_NO_COMMON_BLOCKS = YES;
				GCC_OPTIMIZATION_LEVEL = 0;
				GCC_PREPROCESSOR_DEFINITIONS = (
					"DEBUG=1",
					"$(inherited)",
				);
				GCC_WARN_64_TO_32_BIT_CONVERSION = YES;
				GCC_WARN_ABOUT_RETURN_TYPE = YES_ERROR;
				GCC_WARN_UNDECLARED_SELECTOR = YES;
				GCC_WARN_UNINITIALIZED_AUTOS = YES_AGGRESSIVE;
				GCC_WARN_UNUSED_FUNCTION = YES;
				GCC_WARN_UNUSED_VARIABLE = YES;
				IPHONEOS_DEPLOYMENT_TARGET = 12.2;
				MTL_ENABLE_DEBUG_INFO = INCLUDE_SOURCE;
				MTL_FAST_MATH = YES;
				ONLY_ACTIVE_ARCH = YES;
				SDKROOT = iphoneos;
				SWIFT_ACTIVE_COMPILATION_CONDITIONS = DEBUG;
				SWIFT_OPTIMIZATION_LEVEL = "-Onone";
			};
			name = Debug;
		};
		52962F7122B3C28B002AED65 /* Release */ = {
			isa = XCBuildConfiguration;
			buildSettings = {
				ALWAYS_SEARCH_USER_PATHS = NO;
				CLANG_ANALYZER_NONNULL = YES;
				CLANG_ANALYZER_NUMBER_OBJECT_CONVERSION = YES_AGGRESSIVE;
				CLANG_CXX_LANGUAGE_STANDARD = "gnu++14";
				CLANG_CXX_LIBRARY = "libc++";
				CLANG_ENABLE_MODULES = YES;
				CLANG_ENABLE_OBJC_ARC = YES;
				CLANG_ENABLE_OBJC_WEAK = YES;
				CLANG_WARN_BLOCK_CAPTURE_AUTORELEASING = YES;
				CLANG_WARN_BOOL_CONVERSION = YES;
				CLANG_WARN_COMMA = YES;
				CLANG_WARN_CONSTANT_CONVERSION = YES;
				CLANG_WARN_DEPRECATED_OBJC_IMPLEMENTATIONS = YES;
				CLANG_WARN_DIRECT_OBJC_ISA_USAGE = YES_ERROR;
				CLANG_WARN_DOCUMENTATION_COMMENTS = YES;
				CLANG_WARN_EMPTY_BODY = YES;
				CLANG_WARN_ENUM_CONVERSION = YES;
				CLANG_WARN_INFINITE_RECURSION = YES;
				CLANG_WARN_INT_CONVERSION = YES;
				CLANG_WARN_NON_LITERAL_NULL_CONVERSION = YES;
				CLANG_WARN_OBJC_IMPLICIT_RETAIN_SELF = YES;
				CLANG_WARN_OBJC_LITERAL_CONVERSION = YES;
				CLANG_WARN_OBJC_ROOT_CLASS = YES_ERROR;
				CLANG_WARN_RANGE_LOOP_ANALYSIS = YES;
				CLANG_WARN_STRICT_PROTOTYPES = YES;
				CLANG_WARN_SUSPICIOUS_MOVE = YES;
				CLANG_WARN_UNGUARDED_AVAILABILITY = YES_AGGRESSIVE;
				CLANG_WARN_UNREACHABLE_CODE = YES;
				CLANG_WARN__DUPLICATE_METHOD_MATCH = YES;
				CODE_SIGN_IDENTITY = "iPhone Developer";
				COPY_PHASE_STRIP = NO;
				DEBUG_INFORMATION_FORMAT = "dwarf-with-dsym";
				ENABLE_NS_ASSERTIONS = NO;
				ENABLE_STRICT_OBJC_MSGSEND = YES;
				GCC_C_LANGUAGE_STANDARD = gnu11;
				GCC_NO_COMMON_BLOCKS = YES;
				GCC_WARN_64_TO_32_BIT_CONVERSION = YES;
				GCC_WARN_ABOUT_RETURN_TYPE = YES_ERROR;
				GCC_WARN_UNDECLARED_SELECTOR = YES;
				GCC_WARN_UNINITIALIZED_AUTOS = YES_AGGRESSIVE;
				GCC_WARN_UNUSED_FUNCTION = YES;
				GCC_WARN_UNUSED_VARIABLE = YES;
				IPHONEOS_DEPLOYMENT_TARGET = 12.2;
				MTL_ENABLE_DEBUG_INFO = NO;
				MTL_FAST_MATH = YES;
				SDKROOT = iphoneos;
				SWIFT_COMPILATION_MODE = wholemodule;
				SWIFT_OPTIMIZATION_LEVEL = "-O";
				VALIDATE_PRODUCT = YES;
			};
			name = Release;
		};
		52962F7322B3C28B002AED65 /* Debug */ = {
			isa = XCBuildConfiguration;
			buildSettings = {
				ASSETCATALOG_COMPILER_APPICON_NAME = AppIcon;
				CODE_SIGN_STYLE = Automatic;
				DEVELOPMENT_TEAM = VCK6RT6GU8;
				INFOPLIST_FILE = YouTubeVideo/Info.plist;
				LD_RUNPATH_SEARCH_PATHS = (
					"$(inherited)",
					"@executable_path/Frameworks",
				);
				PRODUCT_BUNDLE_IDENTIFIER = com.atlas.YouTubeVideo;
				PRODUCT_NAME = "$(TARGET_NAME)";
				SWIFT_VERSION = 5.0;
				TARGETED_DEVICE_FAMILY = "1,2";
			};
			name = Debug;
		};
		52962F7422B3C28B002AED65 /* Release */ = {
			isa = XCBuildConfiguration;
			buildSettings = {
				ASSETCATALOG_COMPILER_APPICON_NAME = AppIcon;
				CODE_SIGN_STYLE = Automatic;
				DEVELOPMENT_TEAM = VCK6RT6GU8;
				INFOPLIST_FILE = YouTubeVideo/Info.plist;
				LD_RUNPATH_SEARCH_PATHS = (
					"$(inherited)",
					"@executable_path/Frameworks",
				);
				PRODUCT_BUNDLE_IDENTIFIER = com.atlas.YouTubeVideo;
				PRODUCT_NAME = "$(TARGET_NAME)";
				SWIFT_VERSION = 5.0;
				TARGETED_DEVICE_FAMILY = "1,2";
			};
			name = Release;
		};
/* End XCBuildConfiguration section */

/* Begin XCConfigurationList section */
		52962F5B22B3C288002AED65 /* Build configuration list for PBXProject "YouTubeVideo" */ = {
			isa = XCConfigurationList;
			buildConfigurations = (
				52962F7022B3C28B002AED65 /* Debug */,
				52962F7122B3C28B002AED65 /* Release */,
			);
			defaultConfigurationIsVisible = 0;
			defaultConfigurationName = Release;
		};
		52962F7222B3C28B002AED65 /* Build configuration list for PBXNativeTarget "YouTubeVideo" */ = {
			isa = XCConfigurationList;
			buildConfigurations = (
				52962F7322B3C28B002AED65 /* Debug */,
				52962F7422B3C28B002AED65 /* Release */,
			);
			defaultConfigurationIsVisible = 0;
			defaultConfigurationName = Release;
		};
/* End XCConfigurationList section */
	};
	rootObject = 52962F5822B3C287002AED65 /* Project object */;
}
